// !$*UTF8*$!
{
	archiveVersion = 1;
	classes = {
	};
	objectVersion = 56;
	objects = {

/* Begin PBXBuildFile section */
		D72314B02AC41CD200D69742 /* AppDelegate.swift in Sources */ = {isa = PBXBuildFile; fileRef = D72314AF2AC41CD200D69742 /* AppDelegate.swift */; };
		D72314B22AC41CD200D69742 /* SceneDelegate.swift in Sources */ = {isa = PBXBuildFile; fileRef = D72314B12AC41CD200D69742 /* SceneDelegate.swift */; };
		D72314B42AC41CD200D69742 /* ViewController.swift in Sources */ = {isa = PBXBuildFile; fileRef = D72314B32AC41CD200D69742 /* ViewController.swift */; };
		D72314B72AC41CD200D69742 /* Main.storyboard in Resources */ = {isa = PBXBuildFile; fileRef = D72314B52AC41CD200D69742 /* Main.storyboard */; };
		D72314B92AC41CD300D69742 /* Assets.xcassets in Resources */ = {isa = PBXBuildFile; fileRef = D72314B82AC41CD300D69742 /* Assets.xcassets */; };
		D72314BC2AC41CD300D69742 /* LaunchScreen.storyboard in Resources */ = {isa = PBXBuildFile; fileRef = D72314BA2AC41CD300D69742 /* LaunchScreen.storyboard */; };
		D72314C52AC41CEA00D69742 /* FlexLayoutViewController.swift in Sources */ = {isa = PBXBuildFile; fileRef = D72314C42AC41CEA00D69742 /* FlexLayoutViewController.swift */; };
		D7B614522AC4206F00CD08BA /* FlexLayout in Frameworks */ = {isa = PBXBuildFile; productRef = D7B614512AC4206F00CD08BA /* FlexLayout */; };
		D7B614542AC4206F00CD08BA /* FlexLayoutYoga in Frameworks */ = {isa = PBXBuildFile; productRef = D7B614532AC4206F00CD08BA /* FlexLayoutYoga */; };
		D7B614562AC4206F00CD08BA /* FlexLayoutYogaKit in Frameworks */ = {isa = PBXBuildFile; productRef = D7B614552AC4206F00CD08BA /* FlexLayoutYogaKit */; };
/* End PBXBuildFile section */

/* Begin PBXFileReference section */
		D72314AC2AC41CD200D69742 /* Swift_FlexLayout.app */ = {isa = PBXFileReference; explicitFileType = wrapper.application; includeInIndex = 0; path = Swift_FlexLayout.app; sourceTree = BUILT_PRODUCTS_DIR; };
		D72314AF2AC41CD200D69742 /* AppDelegate.swift */ = {isa = PBXFileReference; lastKnownFileType = sourcecode.swift; path = AppDelegate.swift; sourceTree = "<group>"; };
		D72314B12AC41CD200D69742 /* SceneDelegate.swift */ = {isa = PBXFileReference; lastKnownFileType = sourcecode.swift; path = SceneDelegate.swift; sourceTree = "<group>"; };
		D72314B32AC41CD200D69742 /* ViewController.swift */ = {isa = PBXFileReference; lastKnownFileType = sourcecode.swift; path = ViewController.swift; sourceTree = "<group>"; };
		D72314B62AC41CD200D69742 /* Base */ = {isa = PBXFileReference; lastKnownFileType = file.storyboard; name = Base; path = Base.lproj/Main.storyboard; sourceTree = "<group>"; };
		D72314B82AC41CD300D69742 /* Assets.xcassets */ = {isa = PBXFileReference; lastKnownFileType = folder.assetcatalog; path = Assets.xcassets; sourceTree = "<group>"; };
		D72314BB2AC41CD300D69742 /* Base */ = {isa = PBXFileReference; lastKnownFileType = file.storyboard; name = Base; path = Base.lproj/LaunchScreen.storyboard; sourceTree = "<group>"; };
		D72314BD2AC41CD300D69742 /* Info.plist */ = {isa = PBXFileReference; lastKnownFileType = text.plist.xml; path = Info.plist; sourceTree = "<group>"; };
		D72314C42AC41CEA00D69742 /* FlexLayoutViewController.swift */ = {isa = PBXFileReference; lastKnownFileType = sourcecode.swift; path = FlexLayoutViewController.swift; sourceTree = "<group>"; };
/* End PBXFileReference section */

/* Begin PBXFrameworksBuildPhase section */
		D72314A92AC41CD200D69742 /* Frameworks */ = {
			isa = PBXFrameworksBuildPhase;
			buildActionMask = 2147483647;
			files = (
				D7B614522AC4206F00CD08BA /* FlexLayout in Frameworks */,
				D7B614542AC4206F00CD08BA /* FlexLayoutYoga in Frameworks */,
				D7B614562AC4206F00CD08BA /* FlexLayoutYogaKit in Frameworks */,
			);
			runOnlyForDeploymentPostprocessing = 0;
		};
/* End PBXFrameworksBuildPhase section */

/* Begin PBXGroup section */
		D72314A32AC41CD200D69742 = {
			isa = PBXGroup;
			children = (
				D72314AE2AC41CD200D69742 /* Swift_FlexLayout */,
				D72314AD2AC41CD200D69742 /* Products */,
			);
			sourceTree = "<group>";
		};
		D72314AD2AC41CD200D69742 /* Products */ = {
			isa = PBXGroup;
			children = (
				D72314AC2AC41CD200D69742 /* Swift_FlexLayout.app */,
			);
			name = Products;
			sourceTree = "<group>";
		};
		D72314AE2AC41CD200D69742 /* Swift_FlexLayout */ = {
			isa = PBXGroup;
			children = (
				D72314AF2AC41CD200D69742 /* AppDelegate.swift */,
				D72314B12AC41CD200D69742 /* SceneDelegate.swift */,
				D72314C42AC41CEA00D69742 /* FlexLayoutViewController.swift */,
				D72314B32AC41CD200D69742 /* ViewController.swift */,
				D72314B52AC41CD200D69742 /* Main.storyboard */,
				D72314B82AC41CD300D69742 /* Assets.xcassets */,
				D72314BA2AC41CD300D69742 /* LaunchScreen.storyboard */,
				D72314BD2AC41CD300D69742 /* Info.plist */,
			);
			path = Swift_FlexLayout;
			sourceTree = "<group>";
		};
/* End PBXGroup section */

/* Begin PBXNativeTarget section */
		D72314AB2AC41CD200D69742 /* Swift_FlexLayout */ = {
			isa = PBXNativeTarget;
			buildConfigurationList = D72314C02AC41CD300D69742 /* Build configuration list for PBXNativeTarget "Swift_FlexLayout" */;
			buildPhases = (
				D72314A82AC41CD200D69742 /* Sources */,
				D72314A92AC41CD200D69742 /* Frameworks */,
				D72314AA2AC41CD200D69742 /* Resources */,
			);
			buildRules = (
			);
			dependencies = (
			);
			name = Swift_FlexLayout;
			packageProductDependencies = (
				D7B614512AC4206F00CD08BA /* FlexLayout */,
				D7B614532AC4206F00CD08BA /* FlexLayoutYoga */,
				D7B614552AC4206F00CD08BA /* FlexLayoutYogaKit */,
			);
			productName = Swift_FlexLayout;
			productReference = D72314AC2AC41CD200D69742 /* Swift_FlexLayout.app */;
			productType = "com.apple.product-type.application";
		};
/* End PBXNativeTarget section */

/* Begin PBXProject section */
		D72314A42AC41CD200D69742 /* Project object */ = {
			isa = PBXProject;
			attributes = {
				BuildIndependentTargetsInParallel = 1;
				LastSwiftUpdateCheck = 1500;
				LastUpgradeCheck = 1500;
				TargetAttributes = {
					D72314AB2AC41CD200D69742 = {
						CreatedOnToolsVersion = 15.0;
					};
				};
			};
			buildConfigurationList = D72314A72AC41CD200D69742 /* Build configuration list for PBXProject "Swift_FlexLayout" */;
			compatibilityVersion = "Xcode 14.0";
			developmentRegion = en;
			hasScannedForEncodings = 0;
			knownRegions = (
				en,
				Base,
			);
			mainGroup = D72314A32AC41CD200D69742;
			packageReferences = (
				D7B6144A2AC4201A00CD08BA /* XCRemoteSwiftPackageReference "FlexLayout" */,
			);
			productRefGroup = D72314AD2AC41CD200D69742 /* Products */;
			projectDirPath = "";
			projectRoot = "";
			targets = (
				D72314AB2AC41CD200D69742 /* Swift_FlexLayout */,
			);
		};
/* End PBXProject section */

/* Begin PBXResourcesBuildPhase section */
		D72314AA2AC41CD200D69742 /* Resources */ = {
			isa = PBXResourcesBuildPhase;
			buildActionMask = 2147483647;
			files = (
				D72314BC2AC41CD300D69742 /* LaunchScreen.storyboard in Resources */,
				D72314B92AC41CD300D69742 /* Assets.xcassets in Resources */,
				D72314B72AC41CD200D69742 /* Main.storyboard in Resources */,
			);
			runOnlyForDeploymentPostprocessing = 0;
		};
/* End PBXResourcesBuildPhase section */

/* Begin PBXSourcesBuildPhase section */
		D72314A82AC41CD200D69742 /* Sources */ = {
			isa = PBXSourcesBuildPhase;
			buildActionMask = 2147483647;
			files = (
				D72314B42AC41CD200D69742 /* ViewController.swift in Sources */,
				D72314C52AC41CEA00D69742 /* FlexLayoutViewController.swift in Sources */,
				D72314B02AC41CD200D69742 /* AppDelegate.swift in Sources */,
				D72314B22AC41CD200D69742 /* SceneDelegate.swift in Sources */,
			);
			runOnlyForDeploymentPostprocessing = 0;
		};
/* End PBXSourcesBuildPhase section */

/* Begin PBXVariantGroup section */
		D72314B52AC41CD200D69742 /* Main.storyboard */ = {
			isa = PBXVariantGroup;
			children = (
				D72314B62AC41CD200D69742 /* Base */,
			);
			name = Main.storyboard;
			sourceTree = "<group>";
		};
		D72314BA2AC41CD300D69742 /* LaunchScreen.storyboard */ = {
			isa = PBXVariantGroup;
			children = (
				D72314BB2AC41CD300D69742 /* Base */,
			);
			name = LaunchScreen.storyboard;
			sourceTree = "<group>";
		};
/* End PBXVariantGroup section */

/* Begin XCBuildConfiguration section */
		D72314BE2AC41CD300D69742 /* Debug */ = {
			isa = XCBuildConfiguration;
			buildSettings = {
				ALWAYS_SEARCH_USER_PATHS = NO;
				ASSETCATALOG_COMPILER_GENERATE_SWIFT_ASSET_SYMBOL_EXTENSIONS = YES;
				CLANG_ANALYZER_NONNULL = YES;
				CLANG_ANALYZER_NUMBER_OBJECT_CONVERSION = YES_AGGRESSIVE;
				CLANG_CXX_LANGUAGE_STANDARD = "gnu++20";
				CLANG_ENABLE_MODULES = YES;
				CLANG_ENABLE_OBJC_ARC = YES;
				CLANG_ENABLE_OBJC_WEAK = YES;
				CLANG_WARN_BLOCK_CAPTURE_AUTORELEASING = YES;
				CLANG_WARN_BOOL_CONVERSION = YES;
				CLANG_WARN_COMMA = YES;
				CLANG_WARN_CONSTANT_CONVERSION = YES;
				CLANG_WARN_DEPRECATED_OBJC_IMPLEMENTATIONS = YES;
				CLANG_WARN_DIRECT_OBJC_ISA_USAGE = YES_ERROR;
				CLANG_WARN_DOCUMENTATION_COMMENTS = YES;
				CLANG_WARN_EMPTY_BODY = YES;
				CLANG_WARN_ENUM_CONVERSION = YES;
				CLANG_WARN_INFINITE_RECURSION = YES;
				CLANG_WARN_INT_CONVERSION = YES;
				CLANG_WARN_NON_LITERAL_NULL_CONVERSION = YES;
				CLANG_WARN_OBJC_IMPLICIT_RETAIN_SELF = YES;
				CLANG_WARN_OBJC_LITERAL_CONVERSION = YES;
				CLANG_WARN_OBJC_ROOT_CLASS = YES_ERROR;
				CLANG_WARN_QUOTED_INCLUDE_IN_FRAMEWORK_HEADER = YES;
				CLANG_WARN_RANGE_LOOP_ANALYSIS = YES;
				CLANG_WARN_STRICT_PROTOTYPES = YES;
				CLANG_WARN_SUSPICIOUS_MOVE = YES;
				CLANG_WARN_UNGUARDED_AVAILABILITY = YES_AGGRESSIVE;
				CLANG_WARN_UNREACHABLE_CODE = YES;
				CLANG_WARN__DUPLICATE_METHOD_MATCH = YES;
				COPY_PHASE_STRIP = NO;
				DEBUG_INFORMATION_FORMAT = dwarf;
				ENABLE_STRICT_OBJC_MSGSEND = YES;
				ENABLE_TESTABILITY = YES;
				ENABLE_USER_SCRIPT_SANDBOXING = YES;
				GCC_C_LANGUAGE_STANDARD = gnu17;
				GCC_DYNAMIC_NO_PIC = NO;
				GCC_NO_COMMON_BLOCKS = YES;
				GCC_OPTIMIZATION_LEVEL = 0;
				GCC_PREPROCESSOR_DEFINITIONS = (
					"DEBUG=1",
					"$(inherited)",
				);
				"GCC_PREPROCESSOR_DEFINITIONS[arch=*]" = "FLEXLAYOUT_SWIFT_PACKAGE=1";
				GCC_WARN_64_TO_32_BIT_CONVERSION = YES;
				GCC_WARN_ABOUT_RETURN_TYPE = YES_ERROR;
				GCC_WARN_UNDECLARED_SELECTOR = YES;
				GCC_WARN_UNINITIALIZED_AUTOS = YES_AGGRESSIVE;
				GCC_WARN_UNUSED_FUNCTION = YES;
				GCC_WARN_UNUSED_VARIABLE = YES;
				IPHONEOS_DEPLOYMENT_TARGET = 17.0;
				LOCALIZATION_PREFERS_STRING_CATALOGS = YES;
				MTL_ENABLE_DEBUG_INFO = INCLUDE_SOURCE;
				MTL_FAST_MATH = YES;
				ONLY_ACTIVE_ARCH = YES;
				SDKROOT = iphoneos;
				SWIFT_ACTIVE_COMPILATION_CONDITIONS = "DEBUG $(inherited)";
				SWIFT_OPTIMIZATION_LEVEL = "-Onone";
			};
			name = Debug;
		};
		D72314BF2AC41CD300D69742 /* Release */ = {
			isa = XCBuildConfiguration;
			buildSettings = {
				ALWAYS_SEARCH_USER_PATHS = NO;
				ASSETCATALOG_COMPILER_GENERATE_SWIFT_ASSET_SYMBOL_EXTENSIONS = YES;
				CLANG_ANALYZER_NONNULL = YES;
				CLANG_ANALYZER_NUMBER_OBJECT_CONVERSION = YES_AGGRESSIVE;
				CLANG_CXX_LANGUAGE_STANDARD = "gnu++20";
				CLANG_ENABLE_MODULES = YES;
				CLANG_ENABLE_OBJC_ARC = YES;
				CLANG_ENABLE_OBJC_WEAK = YES;
				CLANG_WARN_BLOCK_CAPTURE_AUTORELEASING = YES;
				CLANG_WARN_BOOL_CONVERSION = YES;
				CLANG_WARN_COMMA = YES;
				CLANG_WARN_CONSTANT_CONVERSION = YES;
				CLANG_WARN_DEPRECATED_OBJC_IMPLEMENTATIONS = YES;
				CLANG_WARN_DIRECT_OBJC_ISA_USAGE = YES_ERROR;
				CLANG_WARN_DOCUMENTATION_COMMENTS = YES;
				CLANG_WARN_EMPTY_BODY = YES;
				CLANG_WARN_ENUM_CONVERSION = YES;
				CLANG_WARN_INFINITE_RECURSION = YES;
				CLANG_WARN_INT_CONVERSION = YES;
				CLANG_WARN_NON_LITERAL_NULL_CONVERSION = YES;
				CLANG_WARN_OBJC_IMPLICIT_RETAIN_SELF = YES;
				CLANG_WARN_OBJC_LITERAL_CONVERSION = YES;
				CLANG_WARN_OBJC_ROOT_CLASS = YES_ERROR;
				CLANG_WARN_QUOTED_INCLUDE_IN_FRAMEWORK_HEADER = YES;
				CLANG_WARN_RANGE_LOOP_ANALYSIS = YES;
				CLANG_WARN_STRICT_PROTOTYPES = YES;
				CLANG_WARN_SUSPICIOUS_MOVE = YES;
				CLANG_WARN_UNGUARDED_AVAILABILITY = YES_AGGRESSIVE;
				CLANG_WARN_UNREACHABLE_CODE = YES;
				CLANG_WARN__DUPLICATE_METHOD_MATCH = YES;
				COPY_PHASE_STRIP = NO;
				DEBUG_INFORMATION_FORMAT = "dwarf-with-dsym";
				ENABLE_NS_ASSERTIONS = NO;
				ENABLE_STRICT_OBJC_MSGSEND = YES;
				ENABLE_USER_SCRIPT_SANDBOXING = YES;
				GCC_C_LANGUAGE_STANDARD = gnu17;
				GCC_NO_COMMON_BLOCKS = YES;
				"GCC_PREPROCESSOR_DEFINITIONS[sdk=*]" = "FLEXLAYOUT_SWIFT_PACKAGE=1";
				GCC_WARN_64_TO_32_BIT_CONVERSION = YES;
				GCC_WARN_ABOUT_RETURN_TYPE = YES_ERROR;
				GCC_WARN_UNDECLARED_SELECTOR = YES;
				GCC_WARN_UNINITIALIZED_AUTOS = YES_AGGRESSIVE;
				GCC_WARN_UNUSED_FUNCTION = YES;
				GCC_WARN_UNUSED_VARIABLE = YES;
				IPHONEOS_DEPLOYMENT_TARGET = 17.0;
				LOCALIZATION_PREFERS_STRING_CATALOGS = YES;
				MTL_ENABLE_DEBUG_INFO = NO;
				MTL_FAST_MATH = YES;
				SDKROOT = iphoneos;
				SWIFT_COMPILATION_MODE = wholemodule;
				VALIDATE_PRODUCT = YES;
			};
			name = Release;
		};
		D72314C12AC41CD300D69742 /* Debug */ = {
			isa = XCBuildConfiguration;
			buildSettings = {
				ASSETCATALOG_COMPILER_APPICON_NAME = AppIcon;
				ASSETCATALOG_COMPILER_GLOBAL_ACCENT_COLOR_NAME = AccentColor;
				CODE_SIGN_STYLE = Automatic;
				CURRENT_PROJECT_VERSION = 1;
				DEVELOPMENT_TEAM = RGZ8HP6A2J;
				GENERATE_INFOPLIST_FILE = YES;
				INFOPLIST_FILE = Swift_FlexLayout/Info.plist;
				INFOPLIST_KEY_UIApplicationSupportsIndirectInputEvents = YES;
				INFOPLIST_KEY_UILaunchStoryboardName = LaunchScreen;
				INFOPLIST_KEY_UIMainStoryboardFile = Main;
				INFOPLIST_KEY_UISupportedInterfaceOrientations_iPad = "UIInterfaceOrientationPortrait UIInterfaceOrientationPortraitUpsideDown UIInterfaceOrientationLandscapeLeft UIInterfaceOrientationLandscapeRight";
				INFOPLIST_KEY_UISupportedInterfaceOrientations_iPhone = "UIInterfaceOrientationPortrait UIInterfaceOrientationLandscapeLeft UIInterfaceOrientationLandscapeRight";
				IPHONEOS_DEPLOYMENT_TARGET = 16.4;
				LD_RUNPATH_SEARCH_PATHS = (
					"$(inherited)",
					"@executable_path/Frameworks",
				);
				MARKETING_VERSION = 1.0;
				PRODUCT_BUNDLE_IDENTIFIER = "dangsal.Swift-FlexLayout";
				PRODUCT_NAME = "$(TARGET_NAME)";
				SWIFT_EMIT_LOC_STRINGS = YES;
				SWIFT_VERSION = 5.0;
				TARGETED_DEVICE_FAMILY = "1,2";
			};
			name = Debug;
		};
		D72314C22AC41CD300D69742 /* Release */ = {
			isa = XCBuildConfiguration;
			buildSettings = {
				ASSETCATALOG_COMPILER_APPICON_NAME = AppIcon;
				ASSETCATALOG_COMPILER_GLOBAL_ACCENT_COLOR_NAME = AccentColor;
				CODE_SIGN_STYLE = Automatic;
				CURRENT_PROJECT_VERSION = 1;
				DEVELOPMENT_TEAM = RGZ8HP6A2J;
				GENERATE_INFOPLIST_FILE = YES;
				INFOPLIST_FILE = Swift_FlexLayout/Info.plist;
				INFOPLIST_KEY_UIApplicationSupportsIndirectInputEvents = YES;
				INFOPLIST_KEY_UILaunchStoryboardName = LaunchScreen;
				INFOPLIST_KEY_UIMainStoryboardFile = Main;
				INFOPLIST_KEY_UISupportedInterfaceOrientations_iPad = "UIInterfaceOrientationPortrait UIInterfaceOrientationPortraitUpsideDown UIInterfaceOrientationLandscapeLeft UIInterfaceOrientationLandscapeRight";
				INFOPLIST_KEY_UISupportedInterfaceOrientations_iPhone = "UIInterfaceOrientationPortrait UIInterfaceOrientationLandscapeLeft UIInterfaceOrientationLandscapeRight";
				IPHONEOS_DEPLOYMENT_TARGET = 16.4;
				LD_RUNPATH_SEARCH_PATHS = (
					"$(inherited)",
					"@executable_path/Frameworks",
				);
				MARKETING_VERSION = 1.0;
				PRODUCT_BUNDLE_IDENTIFIER = "dangsal.Swift-FlexLayout";
				PRODUCT_NAME = "$(TARGET_NAME)";
				SWIFT_EMIT_LOC_STRINGS = YES;
				SWIFT_VERSION = 5.0;
				TARGETED_DEVICE_FAMILY = "1,2";
			};
			name = Release;
		};
/* End XCBuildConfiguration section */

/* Begin XCConfigurationList section */
		D72314A72AC41CD200D69742 /* Build configuration list for PBXProject "Swift_FlexLayout" */ = {
			isa = XCConfigurationList;
			buildConfigurations = (
				D72314BE2AC41CD300D69742 /* Debug */,
				D72314BF2AC41CD300D69742 /* Release */,
			);
			defaultConfigurationIsVisible = 0;
			defaultConfigurationName = Release;
		};
		D72314C02AC41CD300D69742 /* Build configuration list for PBXNativeTarget "Swift_FlexLayout" */ = {
			isa = XCConfigurationList;
			buildConfigurations = (
				D72314C12AC41CD300D69742 /* Debug */,
				D72314C22AC41CD300D69742 /* Release */,
			);
			defaultConfigurationIsVisible = 0;
			defaultConfigurationName = Release;
		};
/* End XCConfigurationList section */

/* Begin XCRemoteSwiftPackageReference section */
		D7B6144A2AC4201A00CD08BA /* XCRemoteSwiftPackageReference "FlexLayout" */ = {
			isa = XCRemoteSwiftPackageReference;
			repositoryURL = "https://github.com/layoutBox/FlexLayout.git";
			requirement = {
				kind = upToNextMajorVersion;
				minimumVersion = 1.3.33;
			};
		};
/* End XCRemoteSwiftPackageReference section */

/* Begin XCSwiftPackageProductDependency section */
		D7B614512AC4206F00CD08BA /* FlexLayout */ = {
			isa = XCSwiftPackageProductDependency;
			package = D7B6144A2AC4201A00CD08BA /* XCRemoteSwiftPackageReference "FlexLayout" */;
			productName = FlexLayout;
		};
		D7B614532AC4206F00CD08BA /* FlexLayoutYoga */ = {
			isa = XCSwiftPackageProductDependency;
			package = D7B6144A2AC4201A00CD08BA /* XCRemoteSwiftPackageReference "FlexLayout" */;
			productName = FlexLayoutYoga;
		};
		D7B614552AC4206F00CD08BA /* FlexLayoutYogaKit */ = {
			isa = XCSwiftPackageProductDependency;
			package = D7B6144A2AC4201A00CD08BA /* XCRemoteSwiftPackageReference "FlexLayout" */;
			productName = FlexLayoutYogaKit;
		};
/* End XCSwiftPackageProductDependency section */
	};
	rootObject = D72314A42AC41CD200D69742 /* Project object */;
}
